<?xml version="1.0" encoding="utf-8"?>
<Project ToolsVersion="4.0" xmlns="http://schemas.microsoft.com/developer/msbuild/2003">
  <ItemGroup>
    <ClCompile Include="src\glib\base\base.cpp" />
    <ClCompile Include="src\glib\net\net.cpp" />
    <ClCompile Include="src\glib\mine\mine.cpp" />
    <ClCompile Include="src\third_party\snap\snap-core\Snap.cpp" />
    <ClCompile Include="src\qminer\qminer_snap.cpp" />
    <ClCompile Include="src\qminer\main.cpp" />
    <ClCompile Include="src\qminer\qminer_core.cpp" />
    <ClCompile Include="src\qminer\qminer_ftr.cpp" />
    <ClCompile Include="src\qminer\qminer_aggr.cpp" />
    <ClCompile Include="src\qminer\qminer_op.cpp" />
    <ClCompile Include="src\qminer\qminer_gs.cpp" />
    <ClCompile Include="src\qminer\qminer_srv.cpp" />
    <ClCompile Include="src\qminer\qminer_js.cpp" />
  </ItemGroup>
  <ItemGroup>
    <ClInclude Include="src\third_party\snap\snap-core\Snap.h" />
    <ClInclude Include="src\qminer\qminer_snap.h" />
    <ClInclude Include="src\qminer\qminer.h" />
    <ClInclude Include="src\qminer\qminer_core.h" />
    <ClInclude Include="src\qminer\qminer_ftr.h" />
    <ClInclude Include="src\qminer\qminer_aggr.h" />
    <ClInclude Include="src\qminer\qminer_op.h" />
    <ClInclude Include="src\qminer\qminer_gs.h" />
    <ClInclude Include="src\qminer\qminer_srv.h" />
    <ClInclude Include="src\qminer\qminer_js.h" />
  </ItemGroup>
  <ItemGroup>
    <Filter Include="javascript">
      <UniqueIdentifier>{53d5beb0-aeb9-4cd1-8aab-052ff9a23e12}</UniqueIdentifier>
    </Filter>
  </ItemGroup>
  <ItemGroup>
    <None Include="src\qminer\js\analytics.js">
      <Filter>javascript</Filter>
    </None>
    <None Include="src\qminer\js\assert.js">
      <Filter>javascript</Filter>
    </None>
    <None Include="src\qminer\console.js">
      <Filter>javascript</Filter>
    </None>
    <None Include="src\qminer\fs.js">
      <Filter>javascript</Filter>
    </None>
    <None Include="src\qminer\http.js">
      <Filter>javascript</Filter>
    </None>
    <None Include="src\qminer\linalg.js">
      <Filter>javascript</Filter>
    </None>
    <None Include="src\qminer\process.js">
      <Filter>javascript</Filter>
    </None>
    <None Include="src\qminer\qminer.js">
      <Filter>javascript</Filter>
    </None>
    <None Include="src\qminer\js\utilities.js">
      <Filter>javascript</Filter>
    </None>
    <None Include="src\qminer\js\twitter.js">
      <Filter>javascript</Filter>
    </None>
    <None Include="src\qminer\spMat.js">
      <Filter>javascript</Filter>
    </None>
    <None Include="src\qminer\store.js">
      <Filter>javascript</Filter>
    </None>
  </ItemGroup>
</Project>